
Microsoft Visual Studio Solution File, Format Version 12.00
# Visual Studio 15
VisualStudioVersion = 15.0.27428.2043
MinimumVisualStudioVersion = 10.0.40219.1
Project("{FAE04EC0-301F-11D3-BF4B-00C04F79EFBC}") = "Interfaces-Testability", "Interfaces-Testability\Interfaces-Testability.csproj", "{21E46C1E-70D9-4034-B992-D4FD2FA903C0}"
EndProject
Project("{FAE04EC0-301F-11D3-BF4B-00C04F79EFBC}") = "Interfaces-Testability.UnitTests", "Interfaces-Testability.UnitTests\Interfaces-Testability.UnitTests.csproj", "{7C077F29-DE04-48B5-922F-D3BCC5E91698}"
EndProject
Global
	GlobalSection(SolutionConfigurationPlatforms) = preSolution
		Debug|Any CPU = Debug|Any CPU
		Release|Any CPU = Release|Any CPU
	EndGlobalSection
	GlobalSection(ProjectConfigurationPlatforms) = postSolution
		{21E46C1E-70D9-4034-B992-D4FD2FA903C0}.Debug|Any CPU.ActiveCfg = Debug|Any CPU
		{21E46C1E-70D9-4034-B992-D4FD2FA903C0}.Debug|Any CPU.Build.0 = Debug|Any CPU
		{21E46C1E-70D9-4034-B992-D4FD2FA903C0}.Release|Any CPU.ActiveCfg = Release|Any CPU
		{21E46C1E-70D9-4034-B992-D4FD2FA903C0}.Release|Any CPU.Build.0 = Release|Any CPU
		{7C077F29-DE04-48B5-922F-D3BCC5E91698}.Debug|Any CPU.ActiveCfg = Debug|Any CPU
		{7C077F29-DE04-48B5-922F-D3BCC5E91698}.Debug|Any CPU.Build.0 = Debug|Any CPU
		{7C077F29-DE04-48B5-922F-D3BCC5E91698}.Release|Any CPU.ActiveCfg = Release|Any CPU
		{7C077F29-DE04-48B5-922F-D3BCC5E91698}.Release|Any CPU.Build.0 = Release|Any CPU
	EndGlobalSection
	GlobalSection(SolutionProperties) = preSolution
		HideSolutionNode = FALSE
	EndGlobalSection
	GlobalSection(ExtensibilityGlobals) = postSolution
		SolutionGuid = {F7C1B4B4-025B-4A9E-9A4D-1B5E98C6C75A}
	EndGlobalSection
EndGlobal
