
Microsoft Visual Studio Solution File, Format Version 12.00
# Visual Studio 15
VisualStudioVersion = 15.0.27428.2043
MinimumVisualStudioVersion = 10.0.40219.1
Project("{FAE04EC0-301F-11D3-BF4B-00C04F79EFBC}") = "AdvancedAccessModifiers", "AdvancedAccessModifiers\AdvancedAccessModifiers.csproj", "{483F85FB-2E90-48D3-B658-A36B9E9F5CA1}"
EndProject
Project("{FAE04EC0-301F-11D3-BF4B-00C04F79EFBC}") = "Amazon", "Amazon\Amazon.csproj", "{4CA7D001-8DBC-4BDF-AF91-81937501C357}"
EndProject
Global
	GlobalSection(SolutionConfigurationPlatforms) = preSolution
		Debug|Any CPU = Debug|Any CPU
		Release|Any CPU = Release|Any CPU
	EndGlobalSection
	GlobalSection(ProjectConfigurationPlatforms) = postSolution
		{483F85FB-2E90-48D3-B658-A36B9E9F5CA1}.Debug|Any CPU.ActiveCfg = Debug|Any CPU
		{483F85FB-2E90-48D3-B658-A36B9E9F5CA1}.Debug|Any CPU.Build.0 = Debug|Any CPU
		{483F85FB-2E90-48D3-B658-A36B9E9F5CA1}.Release|Any CPU.ActiveCfg = Release|Any CPU
		{483F85FB-2E90-48D3-B658-A36B9E9F5CA1}.Release|Any CPU.Build.0 = Release|Any CPU
		{4CA7D001-8DBC-4BDF-AF91-81937501C357}.Debug|Any CPU.ActiveCfg = Debug|Any CPU
		{4CA7D001-8DBC-4BDF-AF91-81937501C357}.Debug|Any CPU.Build.0 = Debug|Any CPU
		{4CA7D001-8DBC-4BDF-AF91-81937501C357}.Release|Any CPU.ActiveCfg = Release|Any CPU
		{4CA7D001-8DBC-4BDF-AF91-81937501C357}.Release|Any CPU.Build.0 = Release|Any CPU
	EndGlobalSection
	GlobalSection(SolutionProperties) = preSolution
		HideSolutionNode = FALSE
	EndGlobalSection
	GlobalSection(ExtensibilityGlobals) = postSolution
		SolutionGuid = {17C8FD53-D855-49B9-BD7A-B8D3EE513A9E}
	EndGlobalSection
EndGlobal
