
Microsoft Visual Studio Solution File, Format Version 12.00
# Visual Studio 15
VisualStudioVersion = 15.0.27428.2043
MinimumVisualStudioVersion = 10.0.40219.1
Project("{FAE04EC0-301F-11D3-BF4B-00C04F79EFBC}") = "Composition", "Composition\Composition.csproj", "{EC309762-4AE4-4668-B253-4D56F9137BDB}"
EndProject
Global
	GlobalSection(SolutionConfigurationPlatforms) = preSolution
		Debug|Any CPU = Debug|Any CPU
		Release|Any CPU = Release|Any CPU
	EndGlobalSection
	GlobalSection(ProjectConfigurationPlatforms) = postSolution
		{EC309762-4AE4-4668-B253-4D56F9137BDB}.Debug|Any CPU.ActiveCfg = Debug|Any CPU
		{EC309762-4AE4-4668-B253-4D56F9137BDB}.Debug|Any CPU.Build.0 = Debug|Any CPU
		{EC309762-4AE4-4668-B253-4D56F9137BDB}.Release|Any CPU.ActiveCfg = Release|Any CPU
		{EC309762-4AE4-4668-B253-4D56F9137BDB}.Release|Any CPU.Build.0 = Release|Any CPU
	EndGlobalSection
	GlobalSection(SolutionProperties) = preSolution
		HideSolutionNode = FALSE
	EndGlobalSection
	GlobalSection(ExtensibilityGlobals) = postSolution
		SolutionGuid = {A7B8E6D5-2C72-4F0C-903C-EE4353FFE915}
	EndGlobalSection
EndGlobal
