
Microsoft Visual Studio Solution File, Format Version 12.00
# Visual Studio 15
VisualStudioVersion = 15.0.27428.2043
MinimumVisualStudioVersion = 10.0.40219.1
Project("{FAE04EC0-301F-11D3-BF4B-00C04F79EFBC}") = "ValueReferenceTypes", "ValueReferenceTypes\ValueReferenceTypes.csproj", "{7E2C76DB-B155-4C48-9164-38B84636272A}"
EndProject
Global
	GlobalSection(SolutionConfigurationPlatforms) = preSolution
		Debug|Any CPU = Debug|Any CPU
		Release|Any CPU = Release|Any CPU
	EndGlobalSection
	GlobalSection(ProjectConfigurationPlatforms) = postSolution
		{7E2C76DB-B155-4C48-9164-38B84636272A}.Debug|Any CPU.ActiveCfg = Debug|Any CPU
		{7E2C76DB-B155-4C48-9164-38B84636272A}.Debug|Any CPU.Build.0 = Debug|Any CPU
		{7E2C76DB-B155-4C48-9164-38B84636272A}.Release|Any CPU.ActiveCfg = Release|Any CPU
		{7E2C76DB-B155-4C48-9164-38B84636272A}.Release|Any CPU.Build.0 = Release|Any CPU
	EndGlobalSection
	GlobalSection(SolutionProperties) = preSolution
		HideSolutionNode = FALSE
	EndGlobalSection
	GlobalSection(ExtensibilityGlobals) = postSolution
		SolutionGuid = {DB636C57-6391-47C7-ABB6-818D074297B3}
	EndGlobalSection
EndGlobal
