
Microsoft Visual Studio Solution File, Format Version 12.00
# Visual Studio 15
VisualStudioVersion = 15.0.27428.2043
MinimumVisualStudioVersion = 10.0.40219.1
Project("{FAE04EC0-301F-11D3-BF4B-00C04F79EFBC}") = "Conditional Statements", "Conditional Statements\Conditional Statements.csproj", "{A11A557D-C1B3-426F-B5D0-9551C954EB0D}"
EndProject
Global
	GlobalSection(SolutionConfigurationPlatforms) = preSolution
		Debug|Any CPU = Debug|Any CPU
		Release|Any CPU = Release|Any CPU
	EndGlobalSection
	GlobalSection(ProjectConfigurationPlatforms) = postSolution
		{A11A557D-C1B3-426F-B5D0-9551C954EB0D}.Debug|Any CPU.ActiveCfg = Debug|Any CPU
		{A11A557D-C1B3-426F-B5D0-9551C954EB0D}.Debug|Any CPU.Build.0 = Debug|Any CPU
		{A11A557D-C1B3-426F-B5D0-9551C954EB0D}.Release|Any CPU.ActiveCfg = Release|Any CPU
		{A11A557D-C1B3-426F-B5D0-9551C954EB0D}.Release|Any CPU.Build.0 = Release|Any CPU
	EndGlobalSection
	GlobalSection(SolutionProperties) = preSolution
		HideSolutionNode = FALSE
	EndGlobalSection
	GlobalSection(ExtensibilityGlobals) = postSolution
		SolutionGuid = {D0AF7CA9-3A12-4724-AC08-E5EBA8494AB1}
	EndGlobalSection
EndGlobal
