
Microsoft Visual Studio Solution File, Format Version 12.00
# Visual Studio 15
VisualStudioVersion = 15.0.27428.2043
MinimumVisualStudioVersion = 10.0.40219.1
Project("{FAE04EC0-301F-11D3-BF4B-00C04F79EFBC}") = "Inheritance-Exercises", "Inheritance-Exercises\Inheritance-Exercises.csproj", "{A3894739-5019-4832-B56B-A41F81720956}"
EndProject
Global
	GlobalSection(SolutionConfigurationPlatforms) = preSolution
		Debug|Any CPU = Debug|Any CPU
		Release|Any CPU = Release|Any CPU
	EndGlobalSection
	GlobalSection(ProjectConfigurationPlatforms) = postSolution
		{A3894739-5019-4832-B56B-A41F81720956}.Debug|Any CPU.ActiveCfg = Debug|Any CPU
		{A3894739-5019-4832-B56B-A41F81720956}.Debug|Any CPU.Build.0 = Debug|Any CPU
		{A3894739-5019-4832-B56B-A41F81720956}.Release|Any CPU.ActiveCfg = Release|Any CPU
		{A3894739-5019-4832-B56B-A41F81720956}.Release|Any CPU.Build.0 = Release|Any CPU
	EndGlobalSection
	GlobalSection(SolutionProperties) = preSolution
		HideSolutionNode = FALSE
	EndGlobalSection
	GlobalSection(ExtensibilityGlobals) = postSolution
		SolutionGuid = {B3AB2D7E-EB0C-45E6-8A0C-436048856B34}
	EndGlobalSection
EndGlobal
